
Microsoft Visual Studio Solution File, Format Version 12.00
# Visual Studio Version 16
VisualStudioVersion = 16.0.31129.286
MinimumVisualStudioVersion = 10.0.40219.1
Project("{FAE04EC0-301F-11D3-BF4B-00C04F79EFBC}") = "KampIntro", "KampIntro\KampIntro.csproj", "{962B8F68-ACBB-47E7-B90D-29AC407BE8FA}"
EndProject
Project("{FAE04EC0-301F-11D3-BF4B-00C04F79EFBC}") = "Methods", "Methods\Methods.csproj", "{ED4C27A1-C86D-45DE-B6AB-DD7F338FEE20}"
EndProject
Project("{FAE04EC0-301F-11D3-BF4B-00C04F79EFBC}") = "Loops", "Loops\Loops.csproj", "{DFD57D37-8CCD-4B15-9307-F42E03F5F393}"
EndProject
Project("{FAE04EC0-301F-11D3-BF4B-00C04F79EFBC}") = "ClassIntro", "ClassIntro\ClassIntro.csproj", "{E2EDD7A8-B331-4F22-9D68-0440B30B042B}"
EndProject
Project("{FAE04EC0-301F-11D3-BF4B-00C04F79EFBC}") = "ClassProduct", "ClassProduct\ClassProduct.csproj", "{A6930D5D-7399-4BCA-8090-3480CE693BA3}"
EndProject
Project("{FAE04EC0-301F-11D3-BF4B-00C04F79EFBC}") = "Method", "Method\Method.csproj", "{A43A1223-D8EA-4D8B-8E67-60C2B8E7E922}"
EndProject
Project("{FAE04EC0-301F-11D3-BF4B-00C04F79EFBC}") = "Matematik", "Matematik\Matematik.csproj", "{D6E67B26-1E03-4B70-A8C0-B9A3D42A3EC5}"
EndProject
Project("{FAE04EC0-301F-11D3-BF4B-00C04F79EFBC}") = "DegerVeReferansTipler", "DegerVeReferansTipler\DegerVeReferansTipler.csproj", "{9C0C0B67-7D90-4868-BD54-E64BA69B8CCF}"
EndProject
Global
	GlobalSection(SolutionConfigurationPlatforms) = preSolution
		Debug|Any CPU = Debug|Any CPU
		Release|Any CPU = Release|Any CPU
	EndGlobalSection
	GlobalSection(ProjectConfigurationPlatforms) = postSolution
		{962B8F68-ACBB-47E7-B90D-29AC407BE8FA}.Debug|Any CPU.ActiveCfg = Debug|Any CPU
		{962B8F68-ACBB-47E7-B90D-29AC407BE8FA}.Debug|Any CPU.Build.0 = Debug|Any CPU
		{962B8F68-ACBB-47E7-B90D-29AC407BE8FA}.Release|Any CPU.ActiveCfg = Release|Any CPU
		{962B8F68-ACBB-47E7-B90D-29AC407BE8FA}.Release|Any CPU.Build.0 = Release|Any CPU
		{ED4C27A1-C86D-45DE-B6AB-DD7F338FEE20}.Debug|Any CPU.ActiveCfg = Debug|Any CPU
		{ED4C27A1-C86D-45DE-B6AB-DD7F338FEE20}.Debug|Any CPU.Build.0 = Debug|Any CPU
		{ED4C27A1-C86D-45DE-B6AB-DD7F338FEE20}.Release|Any CPU.ActiveCfg = Release|Any CPU
		{ED4C27A1-C86D-45DE-B6AB-DD7F338FEE20}.Release|Any CPU.Build.0 = Release|Any CPU
		{DFD57D37-8CCD-4B15-9307-F42E03F5F393}.Debug|Any CPU.ActiveCfg = Debug|Any CPU
		{DFD57D37-8CCD-4B15-9307-F42E03F5F393}.Debug|Any CPU.Build.0 = Debug|Any CPU
		{DFD57D37-8CCD-4B15-9307-F42E03F5F393}.Release|Any CPU.ActiveCfg = Release|Any CPU
		{DFD57D37-8CCD-4B15-9307-F42E03F5F393}.Release|Any CPU.Build.0 = Release|Any CPU
		{E2EDD7A8-B331-4F22-9D68-0440B30B042B}.Debug|Any CPU.ActiveCfg = Debug|Any CPU
		{E2EDD7A8-B331-4F22-9D68-0440B30B042B}.Debug|Any CPU.Build.0 = Debug|Any CPU
		{E2EDD7A8-B331-4F22-9D68-0440B30B042B}.Release|Any CPU.ActiveCfg = Release|Any CPU
		{E2EDD7A8-B331-4F22-9D68-0440B30B042B}.Release|Any CPU.Build.0 = Release|Any CPU
		{A6930D5D-7399-4BCA-8090-3480CE693BA3}.Debug|Any CPU.ActiveCfg = Debug|Any CPU
		{A6930D5D-7399-4BCA-8090-3480CE693BA3}.Debug|Any CPU.Build.0 = Debug|Any CPU
		{A6930D5D-7399-4BCA-8090-3480CE693BA3}.Release|Any CPU.ActiveCfg = Release|Any CPU
		{A6930D5D-7399-4BCA-8090-3480CE693BA3}.Release|Any CPU.Build.0 = Release|Any CPU
		{A43A1223-D8EA-4D8B-8E67-60C2B8E7E922}.Debug|Any CPU.ActiveCfg = Debug|Any CPU
		{A43A1223-D8EA-4D8B-8E67-60C2B8E7E922}.Debug|Any CPU.Build.0 = Debug|Any CPU
		{A43A1223-D8EA-4D8B-8E67-60C2B8E7E922}.Release|Any CPU.ActiveCfg = Release|Any CPU
		{A43A1223-D8EA-4D8B-8E67-60C2B8E7E922}.Release|Any CPU.Build.0 = Release|Any CPU
		{D6E67B26-1E03-4B70-A8C0-B9A3D42A3EC5}.Debug|Any CPU.ActiveCfg = Debug|Any CPU
		{D6E67B26-1E03-4B70-A8C0-B9A3D42A3EC5}.Debug|Any CPU.Build.0 = Debug|Any CPU
		{D6E67B26-1E03-4B70-A8C0-B9A3D42A3EC5}.Release|Any CPU.ActiveCfg = Release|Any CPU
		{D6E67B26-1E03-4B70-A8C0-B9A3D42A3EC5}.Release|Any CPU.Build.0 = Release|Any CPU
		{9C0C0B67-7D90-4868-BD54-E64BA69B8CCF}.Debug|Any CPU.ActiveCfg = Debug|Any CPU
		{9C0C0B67-7D90-4868-BD54-E64BA69B8CCF}.Debug|Any CPU.Build.0 = Debug|Any CPU
		{9C0C0B67-7D90-4868-BD54-E64BA69B8CCF}.Release|Any CPU.ActiveCfg = Release|Any CPU
		{9C0C0B67-7D90-4868-BD54-E64BA69B8CCF}.Release|Any CPU.Build.0 = Release|Any CPU
	EndGlobalSection
	GlobalSection(SolutionProperties) = preSolution
		HideSolutionNode = FALSE
	EndGlobalSection
	GlobalSection(ExtensibilityGlobals) = postSolution
		SolutionGuid = {0EADAE8A-3FF7-495D-A740-F88F78C3B5FB}
	EndGlobalSection
EndGlobal
