
Microsoft Visual Studio Solution File, Format Version 12.00
# Visual Studio Version 16
VisualStudioVersion = 16.0.31129.286
MinimumVisualStudioVersion = 10.0.40219.1
Project("{9A19103F-16F7-4668-BE54-9A1E7A4F7556}") = "Entities", "Entities\Entities.csproj", "{F08C37FB-42F3-4BD7-B709-C2A18209FE05}"
EndProject
Project("{9A19103F-16F7-4668-BE54-9A1E7A4F7556}") = "DataAccess", "DataAccess\DataAccess.csproj", "{65E8CD44-9EF3-423E-8618-0535661EA1B9}"
EndProject
Project("{9A19103F-16F7-4668-BE54-9A1E7A4F7556}") = "Business", "Business\Business.csproj", "{9C5A78EF-349B-48A2-BE8B-519889BFB0D5}"
EndProject
Project("{9A19103F-16F7-4668-BE54-9A1E7A4F7556}") = "Console", "Console\Console.csproj", "{A021AE46-5154-4F47-A00D-D3551AF7034D}"
EndProject
Project("{9A19103F-16F7-4668-BE54-9A1E7A4F7556}") = "Core", "Core\Core.csproj", "{2638FB59-0309-4A6B-B5D8-7ADC395056B2}"
EndProject
Global
	GlobalSection(SolutionConfigurationPlatforms) = preSolution
		Debug|Any CPU = Debug|Any CPU
		Release|Any CPU = Release|Any CPU
	EndGlobalSection
	GlobalSection(ProjectConfigurationPlatforms) = postSolution
		{F08C37FB-42F3-4BD7-B709-C2A18209FE05}.Debug|Any CPU.ActiveCfg = Debug|Any CPU
		{F08C37FB-42F3-4BD7-B709-C2A18209FE05}.Debug|Any CPU.Build.0 = Debug|Any CPU
		{F08C37FB-42F3-4BD7-B709-C2A18209FE05}.Release|Any CPU.ActiveCfg = Release|Any CPU
		{F08C37FB-42F3-4BD7-B709-C2A18209FE05}.Release|Any CPU.Build.0 = Release|Any CPU
		{65E8CD44-9EF3-423E-8618-0535661EA1B9}.Debug|Any CPU.ActiveCfg = Debug|Any CPU
		{65E8CD44-9EF3-423E-8618-0535661EA1B9}.Debug|Any CPU.Build.0 = Debug|Any CPU
		{65E8CD44-9EF3-423E-8618-0535661EA1B9}.Release|Any CPU.ActiveCfg = Release|Any CPU
		{65E8CD44-9EF3-423E-8618-0535661EA1B9}.Release|Any CPU.Build.0 = Release|Any CPU
		{9C5A78EF-349B-48A2-BE8B-519889BFB0D5}.Debug|Any CPU.ActiveCfg = Debug|Any CPU
		{9C5A78EF-349B-48A2-BE8B-519889BFB0D5}.Debug|Any CPU.Build.0 = Debug|Any CPU
		{9C5A78EF-349B-48A2-BE8B-519889BFB0D5}.Release|Any CPU.ActiveCfg = Release|Any CPU
		{9C5A78EF-349B-48A2-BE8B-519889BFB0D5}.Release|Any CPU.Build.0 = Release|Any CPU
		{A021AE46-5154-4F47-A00D-D3551AF7034D}.Debug|Any CPU.ActiveCfg = Debug|Any CPU
		{A021AE46-5154-4F47-A00D-D3551AF7034D}.Debug|Any CPU.Build.0 = Debug|Any CPU
		{A021AE46-5154-4F47-A00D-D3551AF7034D}.Release|Any CPU.ActiveCfg = Release|Any CPU
		{A021AE46-5154-4F47-A00D-D3551AF7034D}.Release|Any CPU.Build.0 = Release|Any CPU
		{2638FB59-0309-4A6B-B5D8-7ADC395056B2}.Debug|Any CPU.ActiveCfg = Debug|Any CPU
		{2638FB59-0309-4A6B-B5D8-7ADC395056B2}.Debug|Any CPU.Build.0 = Debug|Any CPU
		{2638FB59-0309-4A6B-B5D8-7ADC395056B2}.Release|Any CPU.ActiveCfg = Release|Any CPU
		{2638FB59-0309-4A6B-B5D8-7ADC395056B2}.Release|Any CPU.Build.0 = Release|Any CPU
	EndGlobalSection
	GlobalSection(SolutionProperties) = preSolution
		HideSolutionNode = FALSE
	EndGlobalSection
	GlobalSection(ExtensibilityGlobals) = postSolution
		SolutionGuid = {6060CDBC-864F-4FE2-997B-D85E20977444}
	EndGlobalSection
EndGlobal
