
Microsoft Visual Studio Solution File, Format Version 12.00
# Visual Studio Version 16
VisualStudioVersion = 16.0.31129.286
MinimumVisualStudioVersion = 10.0.40219.1
Project("{FAE04EC0-301F-11D3-BF4B-00C04F79EFBC}") = "DataAccess", "DataAccess\DataAccess.csproj", "{CC1F774F-65A7-442E-BDE4-7326E82644CA}"
EndProject
Project("{FAE04EC0-301F-11D3-BF4B-00C04F79EFBC}") = "Business", "Business\Business.csproj", "{21468383-381E-45DC-8F01-4BB4BCFDC430}"
EndProject
Project("{FAE04EC0-301F-11D3-BF4B-00C04F79EFBC}") = "Entities", "Entities\Entities.csproj", "{C15320D1-86EE-4D16-A2D4-E56319C018CE}"
EndProject
Project("{FAE04EC0-301F-11D3-BF4B-00C04F79EFBC}") = "ConsoleUI", "ConsoleUI\ConsoleUI.csproj", "{79F8811E-EBCE-46B2-95F3-2DABC604543F}"
EndProject
Project("{FAE04EC0-301F-11D3-BF4B-00C04F79EFBC}") = "Core", "Core\Core.csproj", "{88C07EE8-5F08-4E65-8C6B-C478B1D35225}"
EndProject
Global
	GlobalSection(SolutionConfigurationPlatforms) = preSolution
		Debug|Any CPU = Debug|Any CPU
		Release|Any CPU = Release|Any CPU
	EndGlobalSection
	GlobalSection(ProjectConfigurationPlatforms) = postSolution
		{CC1F774F-65A7-442E-BDE4-7326E82644CA}.Debug|Any CPU.ActiveCfg = Debug|Any CPU
		{CC1F774F-65A7-442E-BDE4-7326E82644CA}.Debug|Any CPU.Build.0 = Debug|Any CPU
		{CC1F774F-65A7-442E-BDE4-7326E82644CA}.Release|Any CPU.ActiveCfg = Release|Any CPU
		{CC1F774F-65A7-442E-BDE4-7326E82644CA}.Release|Any CPU.Build.0 = Release|Any CPU
		{21468383-381E-45DC-8F01-4BB4BCFDC430}.Debug|Any CPU.ActiveCfg = Debug|Any CPU
		{21468383-381E-45DC-8F01-4BB4BCFDC430}.Debug|Any CPU.Build.0 = Debug|Any CPU
		{21468383-381E-45DC-8F01-4BB4BCFDC430}.Release|Any CPU.ActiveCfg = Release|Any CPU
		{21468383-381E-45DC-8F01-4BB4BCFDC430}.Release|Any CPU.Build.0 = Release|Any CPU
		{C15320D1-86EE-4D16-A2D4-E56319C018CE}.Debug|Any CPU.ActiveCfg = Debug|Any CPU
		{C15320D1-86EE-4D16-A2D4-E56319C018CE}.Debug|Any CPU.Build.0 = Debug|Any CPU
		{C15320D1-86EE-4D16-A2D4-E56319C018CE}.Release|Any CPU.ActiveCfg = Release|Any CPU
		{C15320D1-86EE-4D16-A2D4-E56319C018CE}.Release|Any CPU.Build.0 = Release|Any CPU
		{79F8811E-EBCE-46B2-95F3-2DABC604543F}.Debug|Any CPU.ActiveCfg = Debug|Any CPU
		{79F8811E-EBCE-46B2-95F3-2DABC604543F}.Debug|Any CPU.Build.0 = Debug|Any CPU
		{79F8811E-EBCE-46B2-95F3-2DABC604543F}.Release|Any CPU.ActiveCfg = Release|Any CPU
		{79F8811E-EBCE-46B2-95F3-2DABC604543F}.Release|Any CPU.Build.0 = Release|Any CPU
		{88C07EE8-5F08-4E65-8C6B-C478B1D35225}.Debug|Any CPU.ActiveCfg = Debug|Any CPU
		{88C07EE8-5F08-4E65-8C6B-C478B1D35225}.Debug|Any CPU.Build.0 = Debug|Any CPU
		{88C07EE8-5F08-4E65-8C6B-C478B1D35225}.Release|Any CPU.ActiveCfg = Release|Any CPU
		{88C07EE8-5F08-4E65-8C6B-C478B1D35225}.Release|Any CPU.Build.0 = Release|Any CPU
	EndGlobalSection
	GlobalSection(SolutionProperties) = preSolution
		HideSolutionNode = FALSE
	EndGlobalSection
	GlobalSection(ExtensibilityGlobals) = postSolution
		SolutionGuid = {7B8C7154-A14E-4015-8C6B-775520F2F4D0}
	EndGlobalSection
EndGlobal
